<?xml version="1.0" encoding="utf-8"?>
<Project ToolsVersion="4.0" xmlns="http://schemas.microsoft.com/developer/msbuild/2003">
  <ItemGroup>
    <ClCompile Include="Background.cpp" />
    <ClCompile Include="Brick.cpp" />
    <ClCompile Include="BunnyEar.cpp" />
    <ClCompile Include="Bush.cpp" />
    <ClCompile Include="Bushes.cpp" />
    <ClCompile Include="Camera.cpp" />
    <ClCompile Include="Clock.cpp" />
    <ClCompile Include="Ecosystem.cpp" />
    <ClCompile Include="Explosion.cpp" />
    <ClCompile Include="GameContactListener.cpp" />
    <ClCompile Include="GearKiller.cpp" />
    <ClCompile Include="GearKillerContainer.cpp" />
    <ClCompile Include="GearKillerMachine.cpp" />
    <ClCompile Include="Ground.cpp" />
    <ClCompile Include="Laser.cpp" />
    <ClCompile Include="LaserContainer.cpp" />
    <ClCompile Include="Layer.cpp" />
    <ClCompile Include="Lightning.cpp" />
    <ClCompile Include="main.cpp" />
    <ClCompile Include="MainGameProject.cpp" />
    <ClCompile Include="MainManager.cpp" />
    <ClCompile Include="Map.cpp" />
    <ClCompile Include="Monster_Tomato.cpp" />
    <ClCompile Include="Monster_Tomatoes.cpp" />
    <ClCompile Include="Mover.cpp" />
    <ClCompile Include="Particle.cpp" />
    <ClCompile Include="ParticleSystem.cpp" />
    <ClCompile Include="PerlinNoise.cpp" />
    <ClCompile Include="Photon.cpp" />
    <ClCompile Include="Relector.cpp" />
    <ClCompile Include="SendMessage.cpp" />
    <ClCompile Include="Shape.cpp" />
    <ClCompile Include="Skin.cpp" />
    <ClCompile Include="Sound.cpp" />
    <ClCompile Include="Texture.cpp" />
    <ClCompile Include="Trees.cpp" />
    <ClCompile Include="Window.cpp" />
    <ClCompile Include="ReflectorContainer.cpp" />
    <ClCompile Include="Bridge.cpp" />
    <ClCompile Include="BridgeContainer.cpp" />
    <ClCompile Include="PowerPoleContainer.cpp" />
    <ClCompile Include="PowerPole.cpp" />
    <ClCompile Include="Vehicle.cpp" />
    <ClCompile Include="Bird.cpp" />
    <ClCompile Include="Path.cpp" />
    <ClCompile Include="FlockOfBird.cpp" />
    <ClCompile Include="Pool.cpp" />
    <ClCompile Include="PoolContainer.cpp" />
    <ClCompile Include="BuoyancyController.cpp" />
    <ClCompile Include="Fish.cpp" />
    <ClCompile Include="Cloud.cpp" />
    <ClCompile Include="ThunderCloudValley.cpp" />
    <ClCompile Include="ValleyContainer.cpp" />
    <ClCompile Include="LightningKiller.cpp" />
    <ClCompile Include="Destination.cpp" />
    <ClCompile Include="LevelManager.cpp" />
    <ClCompile Include="MenuManager.cpp" />
    <ClCompile Include="Button.cpp" />
    <ClCompile Include="Mountain.cpp" />
    <ClCompile Include="MountainBrick.cpp" />
    <ClCompile Include="GameCursor.cpp" />
    <ClCompile Include="PauseScreen.cpp" />
    <ClCompile Include="SoundContainer.cpp" />
    <ClCompile Include="SettingScreen.cpp" />
    <ClCompile Include="SoundController.cpp" />
    <ClCompile Include="Poster.cpp" />
    <ClCompile Include="ParticleExplosion.cpp" />
    <ClCompile Include="YouWin.cpp" />
    <ClCompile Include="TouchManager.cpp" />
    <ClCompile Include="FingerManager.cpp" />
    <ClCompile Include="Perlin.cpp" />
  </ItemGroup>
  <ItemGroup>
    <ClInclude Include="Background.h" />
    <ClInclude Include="Brick.h" />
    <ClInclude Include="BunnyEar.h" />
    <ClInclude Include="Bush.h" />
    <ClInclude Include="Bushes.h" />
    <ClInclude Include="Camera.h" />
    <ClInclude Include="Clock.h" />
    <ClInclude Include="Ecosystem.h" />
    <ClInclude Include="Explosion.h" />
    <ClInclude Include="GameContactListener.h" />
    <ClInclude Include="GameHeader.h" />
    <ClInclude Include="GearKiller.h" />
    <ClInclude Include="GearKillerContainer.h" />
    <ClInclude Include="GearKillerMachine.h" />
    <ClInclude Include="Ground.h" />
    <ClInclude Include="Laser.h" />
    <ClInclude Include="LaserContainer.h" />
    <ClInclude Include="Layer.h" />
    <ClInclude Include="Lightning.h" />
    <ClInclude Include="MainGameProject.h" />
    <ClInclude Include="MainManager.h" />
    <ClInclude Include="Map.h" />
    <ClInclude Include="Monster_Tomato.h" />
    <ClInclude Include="Monster_Tomatoes.h" />
    <ClInclude Include="Mover.h" />
    <ClInclude Include="Particle.h" />
    <ClInclude Include="ParticleSystem.h" />
    <ClInclude Include="PerlinNoise.h" />
    <ClInclude Include="Photon.h" />
    <ClInclude Include="Relector.h" />
    <ClInclude Include="SendMessage.h" />
    <ClInclude Include="Shape.h" />
    <ClInclude Include="Skin.h" />
    <ClInclude Include="Sound.h" />
    <ClInclude Include="Texture.h" />
    <ClInclude Include="Trees.h" />
    <ClInclude Include="Window.h" />
    <ClInclude Include="ReflectorContainer.h" />
    <ClInclude Include="Bridge.h" />
    <ClInclude Include="BridgeContainer.h" />
    <ClInclude Include="PowerPoleContainer.h" />
    <ClInclude Include="PowerPole.h" />
    <ClInclude Include="Vehicle.h" />
    <ClInclude Include="Bird.h" />
    <ClInclude Include="Path.h" />
    <ClInclude Include="FlockOfBird.h" />
    <ClInclude Include="Pool.h" />
    <ClInclude Include="PoolContainer.h" />
    <ClInclude Include="BuoyancyController.h" />
    <ClInclude Include="Fish.h" />
    <ClInclude Include="Cloud.h" />
    <ClInclude Include="ThunderCloudValley.h" />
    <ClInclude Include="ValleyContainer.h" />
    <ClInclude Include="LightningKiller.h" />
    <ClInclude Include="Destination.h" />
    <ClInclude Include="LevelManager.h" />
    <ClInclude Include="MenuManager.h" />
    <ClInclude Include="Button.h" />
    <ClInclude Include="Mountain.h" />
    <ClInclude Include="MountainBrick.h" />
    <ClInclude Include="GameCursor.h" />
    <ClInclude Include="PauseScreen.h" />
    <ClInclude Include="SoundContainer.h" />
    <ClInclude Include="SettingScreen.h" />
    <ClInclude Include="SoundController.h" />
    <ClInclude Include="Poster.h" />
    <ClInclude Include="ParticleExplosion.h" />
    <ClInclude Include="YouWin.h" />
    <ClInclude Include="TouchManager.h" />
    <ClInclude Include="FingerManager.h" />
    <ClInclude Include="Perlin.h" />
  </ItemGroup>
  <ItemGroup>
    <Text Include="map.txt" />
    <Text Include="README.txt" />
    <Text Include="map_2.txt" />
    <Text Include="map_3.txt" />
    <Text Include="map_4.txt" />
  </ItemGroup>
</Project>